// !$*UTF8*$!
{
	archiveVersion = 1;
	classes = {
	};
	objectVersion = 50;
	objects = {

/* Begin PBXBuildFile section */
		2C77600864177E3C59352734 /* Pods_leisureMap.framework in Frameworks */ = {isa = PBXBuildFile; fileRef = 04D000DD3061FA72F6A74387 /* Pods_leisureMap.framework */; };
		64B02F47780B9AB8179B5CC2 /* Pods_leisureMapTests.framework in Frameworks */ = {isa = PBXBuildFile; fileRef = 68B5A162AF2ACA82E76EA985 /* Pods_leisureMapTests.framework */; };
		AD03CAC0210D440D00ABE51D /* webViewController.swift in Sources */ = {isa = PBXBuildFile; fileRef = AD03CABF210D440D00ABE51D /* webViewController.swift */; };
		AD13485E210858CF00BB0026 /* MastterViewController.swift in Sources */ = {isa = PBXBuildFile; fileRef = AD13485D210858CF00BB0026 /* MastterViewController.swift */; };
		AD134860210858EA00BB0026 /* DetailViewController.swift in Sources */ = {isa = PBXBuildFile; fileRef = AD13485F210858EA00BB0026 /* DetailViewController.swift */; };
		AD1348632108591D00BB0026 /* MapViewController.swift in Sources */ = {isa = PBXBuildFile; fileRef = AD1348622108591D00BB0026 /* MapViewController.swift */; };
		AD1348662108594E00BB0026 /* NoteViewController.swift in Sources */ = {isa = PBXBuildFile; fileRef = AD1348652108594E00BB0026 /* NoteViewController.swift */; };
		AD6166F22105D7DF00691B94 /* AppDelegate.swift in Sources */ = {isa = PBXBuildFile; fileRef = AD6166F12105D7DF00691B94 /* AppDelegate.swift */; };
		AD6166F42105D7DF00691B94 /* ViewController.swift in Sources */ = {isa = PBXBuildFile; fileRef = AD6166F32105D7DF00691B94 /* ViewController.swift */; };
		AD6166F72105D7DF00691B94 /* Main.storyboard in Resources */ = {isa = PBXBuildFile; fileRef = AD6166F52105D7DF00691B94 /* Main.storyboard */; };
		AD6166F92105D7DF00691B94 /* Assets.xcassets in Resources */ = {isa = PBXBuildFile; fileRef = AD6166F82105D7DF00691B94 /* Assets.xcassets */; };
		AD6166FC2105D7DF00691B94 /* LaunchScreen.storyboard in Resources */ = {isa = PBXBuildFile; fileRef = AD6166FA2105D7DF00691B94 /* LaunchScreen.storyboard */; };
		AD6167072105D7DF00691B94 /* leisureMapTests.swift in Sources */ = {isa = PBXBuildFile; fileRef = AD6167062105D7DF00691B94 /* leisureMapTests.swift */; };
		AD6167122105D7DF00691B94 /* leisureMapUITests.swift in Sources */ = {isa = PBXBuildFile; fileRef = AD6167112105D7DF00691B94 /* leisureMapUITests.swift */; };
		AD7075032105DB0600D5957D /* SplashviewControllerViewController.swift in Sources */ = {isa = PBXBuildFile; fileRef = AD7075022105DB0600D5957D /* SplashviewControllerViewController.swift */; };
		AD7075092105DE4000D5957D /* LoginViewController.swift in Sources */ = {isa = PBXBuildFile; fileRef = AD7075082105DE4000D5957D /* LoginViewController.swift */; };
		ADAE84802109CF3000666BAB /* FileWorker.swift in Sources */ = {isa = PBXBuildFile; fileRef = ADAE847F2109CF3000666BAB /* FileWorker.swift */; };
		ADE704F8210C52DF0092B146 /* abc.edu.gpx in Resources */ = {isa = PBXBuildFile; fileRef = ADE704F7210C52DF0092B146 /* abc.edu.gpx */; };
		ADE704FA210C69EC0092B146 /* MapFlag.swift in Sources */ = {isa = PBXBuildFile; fileRef = ADE704F9210C69EC0092B146 /* MapFlag.swift */; };
		ADF14E88210961770092E84F /* NetWorker.swift in Sources */ = {isa = PBXBuildFile; fileRef = ADF14E87210961770092E84F /* NetWorker.swift */; };
		ADFA3DDA210AAA99004BBB88 /* ServiceCategory.swift in Sources */ = {isa = PBXBuildFile; fileRef = ADFA3DD9210AAA99004BBB88 /* ServiceCategory.swift */; };
		ADFA3DDC210AAB69004BBB88 /* Store.swift in Sources */ = {isa = PBXBuildFile; fileRef = ADFA3DDB210AAB69004BBB88 /* Store.swift */; };
		ADFA3DDE210ABF7E004BBB88 /* SQLiteWorker.swift in Sources */ = {isa = PBXBuildFile; fileRef = ADFA3DDD210ABF7D004BBB88 /* SQLiteWorker.swift */; };
		ADFA3DE1210AFFC6004BBB88 /* ServiceCellView.swift in Sources */ = {isa = PBXBuildFile; fileRef = ADFA3DE0210AFFC6004BBB88 /* ServiceCellView.swift */; };
		ADFA3DE7210B0B05004BBB88 /* StoreCellView.swift in Sources */ = {isa = PBXBuildFile; fileRef = ADFA3DE6210B0B05004BBB88 /* StoreCellView.swift */; };
		B08B149CF23C391A19AD342A /* Pods_leisureMapUITests.framework in Frameworks */ = {isa = PBXBuildFile; fileRef = F400840CCDFF1392D80B0C7E /* Pods_leisureMapUITests.framework */; };
/* End PBXBuildFile section */

/* Begin PBXContainerItemProxy section */
		AD6167032105D7DF00691B94 /* PBXContainerItemProxy */ = {
			isa = PBXContainerItemProxy;
			containerPortal = AD6166E62105D7DF00691B94 /* Project object */;
			proxyType = 1;
			remoteGlobalIDString = AD6166ED2105D7DF00691B94;
			remoteInfo = leisureMap;
		};
		AD61670E2105D7DF00691B94 /* PBXContainerItemProxy */ = {
			isa = PBXContainerItemProxy;
			containerPortal = AD6166E62105D7DF00691B94 /* Project object */;
			proxyType = 1;
			remoteGlobalIDString = AD6166ED2105D7DF00691B94;
			remoteInfo = leisureMap;
		};
/* End PBXContainerItemProxy section */

/* Begin PBXFileReference section */
		04D000DD3061FA72F6A74387 /* Pods_leisureMap.framework */ = {isa = PBXFileReference; explicitFileType = wrapper.framework; includeInIndex = 0; path = Pods_leisureMap.framework; sourceTree = BUILT_PRODUCTS_DIR; };
		169BB221C6BFC1FD7D2245CF /* Pods-leisureMap.release.xcconfig */ = {isa = PBXFileReference; includeInIndex = 1; lastKnownFileType = text.xcconfig; name = "Pods-leisureMap.release.xcconfig"; path = "Pods/Target Support Files/Pods-leisureMap/Pods-leisureMap.release.xcconfig"; sourceTree = "<group>"; };
		36671CEB8141EC44E0941C1F /* Pods-leisureMap.debug.xcconfig */ = {isa = PBXFileReference; includeInIndex = 1; lastKnownFileType = text.xcconfig; name = "Pods-leisureMap.debug.xcconfig"; path = "Pods/Target Support Files/Pods-leisureMap/Pods-leisureMap.debug.xcconfig"; sourceTree = "<group>"; };
		68B5A162AF2ACA82E76EA985 /* Pods_leisureMapTests.framework */ = {isa = PBXFileReference; explicitFileType = wrapper.framework; includeInIndex = 0; path = Pods_leisureMapTests.framework; sourceTree = BUILT_PRODUCTS_DIR; };
		6A488C392182B8653BFE678D /* Pods-leisureMapTests.release.xcconfig */ = {isa = PBXFileReference; includeInIndex = 1; lastKnownFileType = text.xcconfig; name = "Pods-leisureMapTests.release.xcconfig"; path = "Pods/Target Support Files/Pods-leisureMapTests/Pods-leisureMapTests.release.xcconfig"; sourceTree = "<group>"; };
		810FBDD43BC2FEBC37B7C5F3 /* Pods-leisureMapTests.debug.xcconfig */ = {isa = PBXFileReference; includeInIndex = 1; lastKnownFileType = text.xcconfig; name = "Pods-leisureMapTests.debug.xcconfig"; path = "Pods/Target Support Files/Pods-leisureMapTests/Pods-leisureMapTests.debug.xcconfig"; sourceTree = "<group>"; };
		9B12011C548AC02978F246E0 /* Pods-leisureMapUITests.release.xcconfig */ = {isa = PBXFileReference; includeInIndex = 1; lastKnownFileType = text.xcconfig; name = "Pods-leisureMapUITests.release.xcconfig"; path = "Pods/Target Support Files/Pods-leisureMapUITests/Pods-leisureMapUITests.release.xcconfig"; sourceTree = "<group>"; };
		AD03CABF210D440D00ABE51D /* webViewController.swift */ = {isa = PBXFileReference; lastKnownFileType = sourcecode.swift; path = webViewController.swift; sourceTree = "<group>"; };
		AD03CAC1210D69C400ABE51D /* zh-Hans */ = {isa = PBXFileReference; lastKnownFileType = text.plist.strings; name = "zh-Hans"; path = "zh-Hans.lproj/Main.strings"; sourceTree = "<group>"; };
		AD03CAC2210D69C400ABE51D /* zh-Hans */ = {isa = PBXFileReference; lastKnownFileType = text.plist.strings; name = "zh-Hans"; path = "zh-Hans.lproj/LaunchScreen.strings"; sourceTree = "<group>"; };
		AD13485D210858CF00BB0026 /* MastterViewController.swift */ = {isa = PBXFileReference; lastKnownFileType = sourcecode.swift; path = MastterViewController.swift; sourceTree = "<group>"; };
		AD13485F210858EA00BB0026 /* DetailViewController.swift */ = {isa = PBXFileReference; lastKnownFileType = sourcecode.swift; path = DetailViewController.swift; sourceTree = "<group>"; };
		AD1348622108591D00BB0026 /* MapViewController.swift */ = {isa = PBXFileReference; lastKnownFileType = sourcecode.swift; path = MapViewController.swift; sourceTree = "<group>"; };
		AD1348652108594E00BB0026 /* NoteViewController.swift */ = {isa = PBXFileReference; lastKnownFileType = sourcecode.swift; path = NoteViewController.swift; sourceTree = "<group>"; };
		AD6166EE2105D7DF00691B94 /* leisureMap.app */ = {isa = PBXFileReference; explicitFileType = wrapper.application; includeInIndex = 0; path = leisureMap.app; sourceTree = BUILT_PRODUCTS_DIR; };
		AD6166F12105D7DF00691B94 /* AppDelegate.swift */ = {isa = PBXFileReference; lastKnownFileType = sourcecode.swift; path = AppDelegate.swift; sourceTree = "<group>"; };
		AD6166F32105D7DF00691B94 /* ViewController.swift */ = {isa = PBXFileReference; lastKnownFileType = sourcecode.swift; path = ViewController.swift; sourceTree = "<group>"; };
		AD6166F62105D7DF00691B94 /* Base */ = {isa = PBXFileReference; lastKnownFileType = file.storyboard; name = Base; path = Base.lproj/Main.storyboard; sourceTree = "<group>"; };
		AD6166F82105D7DF00691B94 /* Assets.xcassets */ = {isa = PBXFileReference; lastKnownFileType = folder.assetcatalog; path = Assets.xcassets; sourceTree = "<group>"; };
		AD6166FB2105D7DF00691B94 /* Base */ = {isa = PBXFileReference; lastKnownFileType = file.storyboard; name = Base; path = Base.lproj/LaunchScreen.storyboard; sourceTree = "<group>"; };
		AD6166FD2105D7DF00691B94 /* Info.plist */ = {isa = PBXFileReference; lastKnownFileType = text.plist.xml; path = Info.plist; sourceTree = "<group>"; };
		AD6167022105D7DF00691B94 /* leisureMapTests.xctest */ = {isa = PBXFileReference; explicitFileType = wrapper.cfbundle; includeInIndex = 0; path = leisureMapTests.xctest; sourceTree = BUILT_PRODUCTS_DIR; };
		AD6167062105D7DF00691B94 /* leisureMapTests.swift */ = {isa = PBXFileReference; lastKnownFileType = sourcecode.swift; path = leisureMapTests.swift; sourceTree = "<group>"; };
		AD6167082105D7DF00691B94 /* Info.plist */ = {isa = PBXFileReference; lastKnownFileType = text.plist.xml; path = Info.plist; sourceTree = "<group>"; };
		AD61670D2105D7DF00691B94 /* leisureMapUITests.xctest */ = {isa = PBXFileReference; explicitFileType = wrapper.cfbundle; includeInIndex = 0; path = leisureMapUITests.xctest; sourceTree = BUILT_PRODUCTS_DIR; };
		AD6167112105D7DF00691B94 /* leisureMapUITests.swift */ = {isa = PBXFileReference; lastKnownFileType = sourcecode.swift; path = leisureMapUITests.swift; sourceTree = "<group>"; };
		AD6167132105D7DF00691B94 /* Info.plist */ = {isa = PBXFileReference; lastKnownFileType = text.plist.xml; path = Info.plist; sourceTree = "<group>"; };
		AD7075022105DB0600D5957D /* SplashviewControllerViewController.swift */ = {isa = PBXFileReference; lastKnownFileType = sourcecode.swift; path = SplashviewControllerViewController.swift; sourceTree = "<group>"; };
		AD7075082105DE4000D5957D /* LoginViewController.swift */ = {isa = PBXFileReference; lastKnownFileType = sourcecode.swift; path = LoginViewController.swift; sourceTree = "<group>"; };
		ADAE847F2109CF3000666BAB /* FileWorker.swift */ = {isa = PBXFileReference; lastKnownFileType = sourcecode.swift; path = FileWorker.swift; sourceTree = "<group>"; };
		ADE704F7210C52DF0092B146 /* abc.edu.gpx */ = {isa = PBXFileReference; fileEncoding = 4; lastKnownFileType = text.xml; name = abc.edu.gpx; path = ../../../Desktop/abc.edu.gpx; sourceTree = "<group>"; };
		ADE704F9210C69EC0092B146 /* MapFlag.swift */ = {isa = PBXFileReference; fileEncoding = 4; lastKnownFileType = sourcecode.swift; name = MapFlag.swift; path = "../../../../../../../Volumes/下载/MapFlag.swift"; sourceTree = "<group>"; };
		ADF14E87210961770092E84F /* NetWorker.swift */ = {isa = PBXFileReference; lastKnownFileType = sourcecode.swift; path = NetWorker.swift; sourceTree = "<group>"; };
		ADFA3DD9210AAA99004BBB88 /* ServiceCategory.swift */ = {isa = PBXFileReference; lastKnownFileType = sourcecode.swift; path = ServiceCategory.swift; sourceTree = "<group>"; };
		ADFA3DDB210AAB69004BBB88 /* Store.swift */ = {isa = PBXFileReference; lastKnownFileType = sourcecode.swift; path = Store.swift; sourceTree = "<group>"; };
		ADFA3DDD210ABF7D004BBB88 /* SQLiteWorker.swift */ = {isa = PBXFileReference; fileEncoding = 4; lastKnownFileType = sourcecode.swift; name = SQLiteWorker.swift; path = ../../../../../Desktop/SQLiteWorker.swift; sourceTree = "<group>"; };
		ADFA3DE0210AFFC6004BBB88 /* ServiceCellView.swift */ = {isa = PBXFileReference; lastKnownFileType = sourcecode.swift; path = ServiceCellView.swift; sourceTree = "<group>"; };
		ADFA3DE6210B0B05004BBB88 /* StoreCellView.swift */ = {isa = PBXFileReference; lastKnownFileType = sourcecode.swift; path = StoreCellView.swift; sourceTree = "<group>"; };
		E978D0AAAD73E551F01BD45B /* Pods-leisureMapUITests.debug.xcconfig */ = {isa = PBXFileReference; includeInIndex = 1; lastKnownFileType = text.xcconfig; name = "Pods-leisureMapUITests.debug.xcconfig"; path = "Pods/Target Support Files/Pods-leisureMapUITests/Pods-leisureMapUITests.debug.xcconfig"; sourceTree = "<group>"; };
		F400840CCDFF1392D80B0C7E /* Pods_leisureMapUITests.framework */ = {isa = PBXFileReference; explicitFileType = wrapper.framework; includeInIndex = 0; path = Pods_leisureMapUITests.framework; sourceTree = BUILT_PRODUCTS_DIR; };
/* End PBXFileReference section */

/* Begin PBXFrameworksBuildPhase section */
		AD6166EB2105D7DF00691B94 /* Frameworks */ = {
			isa = PBXFrameworksBuildPhase;
			buildActionMask = 2147483647;
			files = (
				2C77600864177E3C59352734 /* Pods_leisureMap.framework in Frameworks */,
			);
			runOnlyForDeploymentPostprocessing = 0;
		};
		AD6166FF2105D7DF00691B94 /* Frameworks */ = {
			isa = PBXFrameworksBuildPhase;
			buildActionMask = 2147483647;
			files = (
				64B02F47780B9AB8179B5CC2 /* Pods_leisureMapTests.framework in Frameworks */,
			);
			runOnlyForDeploymentPostprocessing = 0;
		};
		AD61670A2105D7DF00691B94 /* Frameworks */ = {
			isa = PBXFrameworksBuildPhase;
			buildActionMask = 2147483647;
			files = (
				B08B149CF23C391A19AD342A /* Pods_leisureMapUITests.framework in Frameworks */,
			);
			runOnlyForDeploymentPostprocessing = 0;
		};
/* End PBXFrameworksBuildPhase section */

/* Begin PBXGroup section */
		6571082E39A7DA78843BB8D6 /* Pods */ = {
			isa = PBXGroup;
			children = (
				36671CEB8141EC44E0941C1F /* Pods-leisureMap.debug.xcconfig */,
				169BB221C6BFC1FD7D2245CF /* Pods-leisureMap.release.xcconfig */,
				810FBDD43BC2FEBC37B7C5F3 /* Pods-leisureMapTests.debug.xcconfig */,
				6A488C392182B8653BFE678D /* Pods-leisureMapTests.release.xcconfig */,
				E978D0AAAD73E551F01BD45B /* Pods-leisureMapUITests.debug.xcconfig */,
				9B12011C548AC02978F246E0 /* Pods-leisureMapUITests.release.xcconfig */,
			);
			name = Pods;
			sourceTree = "<group>";
		};
		AD13485C2108588A00BB0026 /* MasterDetail */ = {
			isa = PBXGroup;
			children = (
				ADFA3DDF210AFF33004BBB88 /* CellView */,
				AD13485D210858CF00BB0026 /* MastterViewController.swift */,
				AD13485F210858EA00BB0026 /* DetailViewController.swift */,
			);
			path = MasterDetail;
			sourceTree = "<group>";
		};
		AD134861210858FD00BB0026 /* MapFlow */ = {
			isa = PBXGroup;
			children = (
				ADE704F9210C69EC0092B146 /* MapFlag.swift */,
				AD1348622108591D00BB0026 /* MapViewController.swift */,
				AD03CABF210D440D00ABE51D /* webViewController.swift */,
			);
			path = MapFlow;
			sourceTree = "<group>";
		};
		AD1348642108592800BB0026 /* NoteFlow */ = {
			isa = PBXGroup;
			children = (
				AD1348652108594E00BB0026 /* NoteViewController.swift */,
			);
			path = NoteFlow;
			sourceTree = "<group>";
		};
		AD6166E52105D7DF00691B94 = {
			isa = PBXGroup;
			children = (
				ADE704F7210C52DF0092B146 /* abc.edu.gpx */,
				AD6166F02105D7DF00691B94 /* leisureMap */,
				AD6167052105D7DF00691B94 /* leisureMapTests */,
				AD6167102105D7DF00691B94 /* leisureMapUITests */,
				AD6166EF2105D7DF00691B94 /* Products */,
				6571082E39A7DA78843BB8D6 /* Pods */,
				C59FEB3C32D11C40F7A8728C /* Frameworks */,
			);
			sourceTree = "<group>";
		};
		AD6166EF2105D7DF00691B94 /* Products */ = {
			isa = PBXGroup;
			children = (
				AD6166EE2105D7DF00691B94 /* leisureMap.app */,
				AD6167022105D7DF00691B94 /* leisureMapTests.xctest */,
				AD61670D2105D7DF00691B94 /* leisureMapUITests.xctest */,
			);
			name = Products;
			sourceTree = "<group>";
		};
		AD6166F02105D7DF00691B94 /* leisureMap */ = {
			isa = PBXGroup;
			children = (
				ADFA3DD8210AA9E0004BBB88 /* Model */,
				ADF14E862109613B0092E84F /* Worker */,
				AD1348642108592800BB0026 /* NoteFlow */,
				AD134861210858FD00BB0026 /* MapFlow */,
				AD13485C2108588A00BB0026 /* MasterDetail */,
				AD7075052105DBDC00D5957D /* loginfllow */,
				AD6166F12105D7DF00691B94 /* AppDelegate.swift */,
				AD6166F32105D7DF00691B94 /* ViewController.swift */,
				AD6166F52105D7DF00691B94 /* Main.storyboard */,
				AD6166F82105D7DF00691B94 /* Assets.xcassets */,
				AD6166FA2105D7DF00691B94 /* LaunchScreen.storyboard */,
				AD6166FD2105D7DF00691B94 /* Info.plist */,
				AD7075022105DB0600D5957D /* SplashviewControllerViewController.swift */,
			);
			path = leisureMap;
			sourceTree = "<group>";
		};
		AD6167052105D7DF00691B94 /* leisureMapTests */ = {
			isa = PBXGroup;
			children = (
				AD6167062105D7DF00691B94 /* leisureMapTests.swift */,
				AD6167082105D7DF00691B94 /* Info.plist */,
			);
			path = leisureMapTests;
			sourceTree = "<group>";
		};
		AD6167102105D7DF00691B94 /* leisureMapUITests */ = {
			isa = PBXGroup;
			children = (
				AD6167112105D7DF00691B94 /* leisureMapUITests.swift */,
				AD6167132105D7DF00691B94 /* Info.plist */,
			);
			path = leisureMapUITests;
			sourceTree = "<group>";
		};
		AD7075052105DBDC00D5957D /* loginfllow */ = {
			isa = PBXGroup;
			children = (
				AD7075082105DE4000D5957D /* LoginViewController.swift */,
			);
			path = loginfllow;
			sourceTree = "<group>";
		};
		ADF14E862109613B0092E84F /* Worker */ = {
			isa = PBXGroup;
			children = (
				ADFA3DDD210ABF7D004BBB88 /* SQLiteWorker.swift */,
				ADF14E87210961770092E84F /* NetWorker.swift */,
				ADAE847F2109CF3000666BAB /* FileWorker.swift */,
			);
			path = Worker;
			sourceTree = "<group>";
		};
		ADFA3DD8210AA9E0004BBB88 /* Model */ = {
			isa = PBXGroup;
			children = (
				ADFA3DD9210AAA99004BBB88 /* ServiceCategory.swift */,
				ADFA3DDB210AAB69004BBB88 /* Store.swift */,
			);
			path = Model;
			sourceTree = "<group>";
		};
		ADFA3DDF210AFF33004BBB88 /* CellView */ = {
			isa = PBXGroup;
			children = (
				ADFA3DE0210AFFC6004BBB88 /* ServiceCellView.swift */,
				ADFA3DE6210B0B05004BBB88 /* StoreCellView.swift */,
			);
			path = CellView;
			sourceTree = "<group>";
		};
		C59FEB3C32D11C40F7A8728C /* Frameworks */ = {
			isa = PBXGroup;
			children = (
				04D000DD3061FA72F6A74387 /* Pods_leisureMap.framework */,
				68B5A162AF2ACA82E76EA985 /* Pods_leisureMapTests.framework */,
				F400840CCDFF1392D80B0C7E /* Pods_leisureMapUITests.framework */,
			);
			name = Frameworks;
			sourceTree = "<group>";
		};
/* End PBXGroup section */

/* Begin PBXNativeTarget section */
		AD6166ED2105D7DF00691B94 /* leisureMap */ = {
			isa = PBXNativeTarget;
			buildConfigurationList = AD6167162105D7DF00691B94 /* Build configuration list for PBXNativeTarget "leisureMap" */;
			buildPhases = (
				235A921F9268988826209D21 /* [CP] Check Pods Manifest.lock */,
				AD6166EA2105D7DF00691B94 /* Sources */,
				AD6166EB2105D7DF00691B94 /* Frameworks */,
				AD6166EC2105D7DF00691B94 /* Resources */,
				EED8519705FBE0384A1209E6 /* [CP] Embed Pods Frameworks */,
			);
			buildRules = (
			);
			dependencies = (
			);
			name = leisureMap;
			productName = leisureMap;
			productReference = AD6166EE2105D7DF00691B94 /* leisureMap.app */;
			productType = "com.apple.product-type.application";
		};
		AD6167012105D7DF00691B94 /* leisureMapTests */ = {
			isa = PBXNativeTarget;
			buildConfigurationList = AD6167192105D7DF00691B94 /* Build configuration list for PBXNativeTarget "leisureMapTests" */;
			buildPhases = (
				58CC7D135229156672DDE24E /* [CP] Check Pods Manifest.lock */,
				AD6166FE2105D7DF00691B94 /* Sources */,
				AD6166FF2105D7DF00691B94 /* Frameworks */,
				AD6167002105D7DF00691B94 /* Resources */,
			);
			buildRules = (
			);
			dependencies = (
				AD6167042105D7DF00691B94 /* PBXTargetDependency */,
			);
			name = leisureMapTests;
			productName = leisureMapTests;
			productReference = AD6167022105D7DF00691B94 /* leisureMapTests.xctest */;
			productType = "com.apple.product-type.bundle.unit-test";
		};
		AD61670C2105D7DF00691B94 /* leisureMapUITests */ = {
			isa = PBXNativeTarget;
			buildConfigurationList = AD61671C2105D7DF00691B94 /* Build configuration list for PBXNativeTarget "leisureMapUITests" */;
			buildPhases = (
				EDE9E3257FE3872206E2F1E9 /* [CP] Check Pods Manifest.lock */,
				AD6167092105D7DF00691B94 /* Sources */,
				AD61670A2105D7DF00691B94 /* Frameworks */,
				AD61670B2105D7DF00691B94 /* Resources */,
			);
			buildRules = (
			);
			dependencies = (
				AD61670F2105D7DF00691B94 /* PBXTargetDependency */,
			);
			name = leisureMapUITests;
			productName = leisureMapUITests;
			productReference = AD61670D2105D7DF00691B94 /* leisureMapUITests.xctest */;
			productType = "com.apple.product-type.bundle.ui-testing";
		};
/* End PBXNativeTarget section */

/* Begin PBXProject section */
		AD6166E62105D7DF00691B94 /* Project object */ = {
			isa = PBXProject;
			attributes = {
				LastSwiftUpdateCheck = 1000;
				LastUpgradeCheck = 1000;
				ORGANIZATIONNAME = stu1;
				TargetAttributes = {
					AD6166ED2105D7DF00691B94 = {
						CreatedOnToolsVersion = 10.0;
					};
					AD6167012105D7DF00691B94 = {
						CreatedOnToolsVersion = 10.0;
						TestTargetID = AD6166ED2105D7DF00691B94;
					};
					AD61670C2105D7DF00691B94 = {
						CreatedOnToolsVersion = 10.0;
						TestTargetID = AD6166ED2105D7DF00691B94;
					};
				};
			};
			buildConfigurationList = AD6166E92105D7DF00691B94 /* Build configuration list for PBXProject "leisureMap" */;
			compatibilityVersion = "Xcode 9.3";
			developmentRegion = en;
			hasScannedForEncodings = 0;
			knownRegions = (
				en,
				Base,
			);
			mainGroup = AD6166E52105D7DF00691B94;
			productRefGroup = AD6166EF2105D7DF00691B94 /* Products */;
			projectDirPath = "";
			projectRoot = "";
			targets = (
				AD6166ED2105D7DF00691B94 /* leisureMap */,
				AD6167012105D7DF00691B94 /* leisureMapTests */,
				AD61670C2105D7DF00691B94 /* leisureMapUITests */,
			);
		};
/* End PBXProject section */

/* Begin PBXResourcesBuildPhase section */
		AD6166EC2105D7DF00691B94 /* Resources */ = {
			isa = PBXResourcesBuildPhase;
			buildActionMask = 2147483647;
			files = (
				AD6166FC2105D7DF00691B94 /* LaunchScreen.storyboard in Resources */,
				AD6166F92105D7DF00691B94 /* Assets.xcassets in Resources */,
				ADE704F8210C52DF0092B146 /* abc.edu.gpx in Resources */,
				AD6166F72105D7DF00691B94 /* Main.storyboard in Resources */,
			);
			runOnlyForDeploymentPostprocessing = 0;
		};
		AD6167002105D7DF00691B94 /* Resources */ = {
			isa = PBXResourcesBuildPhase;
			buildActionMask = 2147483647;
			files = (
			);
			runOnlyForDeploymentPostprocessing = 0;
		};
		AD61670B2105D7DF00691B94 /* Resources */ = {
			isa = PBXResourcesBuildPhase;
			buildActionMask = 2147483647;
			files = (
			);
			runOnlyForDeploymentPostprocessing = 0;
		};
/* End PBXResourcesBuildPhase section */

/* Begin PBXShellScriptBuildPhase section */
		235A921F9268988826209D21 /* [CP] Check Pods Manifest.lock */ = {
			isa = PBXShellScriptBuildPhase;
			buildActionMask = 2147483647;
			files = (
			);
			inputPaths = (
				"${PODS_PODFILE_DIR_PATH}/Podfile.lock",
				"${PODS_ROOT}/Manifest.lock",
			);
			name = "[CP] Check Pods Manifest.lock";
			outputPaths = (
				"$(DERIVED_FILE_DIR)/Pods-leisureMap-checkManifestLockResult.txt",
			);
			runOnlyForDeploymentPostprocessing = 0;
			shellPath = /bin/sh;
			shellScript = "diff \"${PODS_PODFILE_DIR_PATH}/Podfile.lock\" \"${PODS_ROOT}/Manifest.lock\" > /dev/null\nif [ $? != 0 ] ; then\n    # print error to STDERR\n    echo \"error: The sandbox is not in sync with the Podfile.lock. Run 'pod install' or update your CocoaPods installation.\" >&2\n    exit 1\nfi\n# This output is used by Xcode 'outputs' to avoid re-running this script phase.\necho \"SUCCESS\" > \"${SCRIPT_OUTPUT_FILE_0}\"\n";
			showEnvVarsInLog = 0;
		};
		58CC7D135229156672DDE24E /* [CP] Check Pods Manifest.lock */ = {
			isa = PBXShellScriptBuildPhase;
			buildActionMask = 2147483647;
			files = (
			);
			inputPaths = (
				"${PODS_PODFILE_DIR_PATH}/Podfile.lock",
				"${PODS_ROOT}/Manifest.lock",
			);
			name = "[CP] Check Pods Manifest.lock";
			outputPaths = (
				"$(DERIVED_FILE_DIR)/Pods-leisureMapTests-checkManifestLockResult.txt",
			);
			runOnlyForDeploymentPostprocessing = 0;
			shellPath = /bin/sh;
			shellScript = "diff \"${PODS_PODFILE_DIR_PATH}/Podfile.lock\" \"${PODS_ROOT}/Manifest.lock\" > /dev/null\nif [ $? != 0 ] ; then\n    # print error to STDERR\n    echo \"error: The sandbox is not in sync with the Podfile.lock. Run 'pod install' or update your CocoaPods installation.\" >&2\n    exit 1\nfi\n# This output is used by Xcode 'outputs' to avoid re-running this script phase.\necho \"SUCCESS\" > \"${SCRIPT_OUTPUT_FILE_0}\"\n";
			showEnvVarsInLog = 0;
		};
		EDE9E3257FE3872206E2F1E9 /* [CP] Check Pods Manifest.lock */ = {
			isa = PBXShellScriptBuildPhase;
			buildActionMask = 2147483647;
			files = (
			);
			inputPaths = (
				"${PODS_PODFILE_DIR_PATH}/Podfile.lock",
				"${PODS_ROOT}/Manifest.lock",
			);
			name = "[CP] Check Pods Manifest.lock";
			outputPaths = (
				"$(DERIVED_FILE_DIR)/Pods-leisureMapUITests-checkManifestLockResult.txt",
			);
			runOnlyForDeploymentPostprocessing = 0;
			shellPath = /bin/sh;
			shellScript = "diff \"${PODS_PODFILE_DIR_PATH}/Podfile.lock\" \"${PODS_ROOT}/Manifest.lock\" > /dev/null\nif [ $? != 0 ] ; then\n    # print error to STDERR\n    echo \"error: The sandbox is not in sync with the Podfile.lock. Run 'pod install' or update your CocoaPods installation.\" >&2\n    exit 1\nfi\n# This output is used by Xcode 'outputs' to avoid re-running this script phase.\necho \"SUCCESS\" > \"${SCRIPT_OUTPUT_FILE_0}\"\n";
			showEnvVarsInLog = 0;
		};
		EED8519705FBE0384A1209E6 /* [CP] Embed Pods Frameworks */ = {
			isa = PBXShellScriptBuildPhase;
			buildActionMask = 2147483647;
			files = (
			);
			inputPaths = (
				"${SRCROOT}/Pods/Target Support Files/Pods-leisureMap/Pods-leisureMap-frameworks.sh",
				"${BUILT_PRODUCTS_DIR}/SDWebImage/SDWebImage.framework",
				"${BUILT_PRODUCTS_DIR}/SQLite.swift/SQLite.framework",
				"${BUILT_PRODUCTS_DIR}/SwiftyJSON/SwiftyJSON.framework",
			);
			name = "[CP] Embed Pods Frameworks";
			outputPaths = (
				"${TARGET_BUILD_DIR}/${FRAMEWORKS_FOLDER_PATH}/SDWebImage.framework",
				"${TARGET_BUILD_DIR}/${FRAMEWORKS_FOLDER_PATH}/SQLite.framework",
				"${TARGET_BUILD_DIR}/${FRAMEWORKS_FOLDER_PATH}/SwiftyJSON.framework",
			);
			runOnlyForDeploymentPostprocessing = 0;
			shellPath = /bin/sh;
			shellScript = "\"${SRCROOT}/Pods/Target Support Files/Pods-leisureMap/Pods-leisureMap-frameworks.sh\"\n";
			showEnvVarsInLog = 0;
		};
/* End PBXShellScriptBuildPhase section */

/* Begin PBXSourcesBuildPhase section */
		AD6166EA2105D7DF00691B94 /* Sources */ = {
			isa = PBXSourcesBuildPhase;
			buildActionMask = 2147483647;
			files = (
				ADE704FA210C69EC0092B146 /* MapFlag.swift in Sources */,
				AD1348662108594E00BB0026 /* NoteViewController.swift in Sources */,
				ADFA3DDA210AAA99004BBB88 /* ServiceCategory.swift in Sources */,
				AD7075092105DE4000D5957D /* LoginViewController.swift in Sources */,
				AD03CAC0210D440D00ABE51D /* webViewController.swift in Sources */,
				ADFA3DDC210AAB69004BBB88 /* Store.swift in Sources */,
				AD6166F42105D7DF00691B94 /* ViewController.swift in Sources */,
				ADFA3DE7210B0B05004BBB88 /* StoreCellView.swift in Sources */,
				ADFA3DDE210ABF7E004BBB88 /* SQLiteWorker.swift in Sources */,
				ADAE84802109CF3000666BAB /* FileWorker.swift in Sources */,
				AD6166F22105D7DF00691B94 /* AppDelegate.swift in Sources */,
				AD134860210858EA00BB0026 /* DetailViewController.swift in Sources */,
				AD7075032105DB0600D5957D /* SplashviewControllerViewController.swift in Sources */,
				AD13485E210858CF00BB0026 /* MastterViewController.swift in Sources */,
				AD1348632108591D00BB0026 /* MapViewController.swift in Sources */,
				ADFA3DE1210AFFC6004BBB88 /* ServiceCellView.swift in Sources */,
				ADF14E88210961770092E84F /* NetWorker.swift in Sources */,
			);
			runOnlyForDeploymentPostprocessing = 0;
		};
		AD6166FE2105D7DF00691B94 /* Sources */ = {
			isa = PBXSourcesBuildPhase;
			buildActionMask = 2147483647;
			files = (
				AD6167072105D7DF00691B94 /* leisureMapTests.swift in Sources */,
			);
			runOnlyForDeploymentPostprocessing = 0;
		};
		AD6167092105D7DF00691B94 /* Sources */ = {
			isa = PBXSourcesBuildPhase;
			buildActionMask = 2147483647;
			files = (
				AD6167122105D7DF00691B94 /* leisureMapUITests.swift in Sources */,
			);
			runOnlyForDeploymentPostprocessing = 0;
		};
/* End PBXSourcesBuildPhase section */

/* Begin PBXTargetDependency section */
		AD6167042105D7DF00691B94 /* PBXTargetDependency */ = {
			isa = PBXTargetDependency;
			target = AD6166ED2105D7DF00691B94 /* leisureMap */;
			targetProxy = AD6167032105D7DF00691B94 /* PBXContainerItemProxy */;
		};
		AD61670F2105D7DF00691B94 /* PBXTargetDependency */ = {
			isa = PBXTargetDependency;
			target = AD6166ED2105D7DF00691B94 /* leisureMap */;
			targetProxy = AD61670E2105D7DF00691B94 /* PBXContainerItemProxy */;
		};
/* End PBXTargetDependency section */

/* Begin PBXVariantGroup section */
		AD6166F52105D7DF00691B94 /* Main.storyboard */ = {
			isa = PBXVariantGroup;
			children = (
				AD6166F62105D7DF00691B94 /* Base */,
				AD03CAC1210D69C400ABE51D /* zh-Hans */,
			);
			name = Main.storyboard;
			sourceTree = "<group>";
		};
		AD6166FA2105D7DF00691B94 /* LaunchScreen.storyboard */ = {
			isa = PBXVariantGroup;
			children = (
				AD6166FB2105D7DF00691B94 /* Base */,
				AD03CAC2210D69C400ABE51D /* zh-Hans */,
			);
			name = LaunchScreen.storyboard;
			sourceTree = "<group>";
		};
/* End PBXVariantGroup section */

/* Begin XCBuildConfiguration section */
		AD6167142105D7DF00691B94 /* Debug */ = {
			isa = XCBuildConfiguration;
			buildSettings = {
				ALWAYS_SEARCH_USER_PATHS = NO;
				CLANG_ANALYZER_LOCALIZABILITY_NONLOCALIZED = YES;
				CLANG_ANALYZER_NONNULL = YES;
				CLANG_ANALYZER_NUMBER_OBJECT_CONVERSION = YES_AGGRESSIVE;
				CLANG_CXX_LANGUAGE_STANDARD = "gnu++14";
				CLANG_CXX_LIBRARY = "libc++";
				CLANG_ENABLE_MODULES = YES;
				CLANG_ENABLE_OBJC_ARC = YES;
				CLANG_ENABLE_OBJC_WEAK = YES;
				CLANG_WARN_BLOCK_CAPTURE_AUTORELEASING = YES;
				CLANG_WARN_BOOL_CONVERSION = YES;
				CLANG_WARN_COMMA = YES;
				CLANG_WARN_CONSTANT_CONVERSION = YES;
				CLANG_WARN_DEPRECATED_OBJC_IMPLEMENTATIONS = YES;
				CLANG_WARN_DIRECT_OBJC_ISA_USAGE = YES_ERROR;
				CLANG_WARN_DOCUMENTATION_COMMENTS = YES;
				CLANG_WARN_EMPTY_BODY = YES;
				CLANG_WARN_ENUM_CONVERSION = YES;
				CLANG_WARN_INFINITE_RECURSION = YES;
				CLANG_WARN_INT_CONVERSION = YES;
				CLANG_WARN_NON_LITERAL_NULL_CONVERSION = YES;
				CLANG_WARN_OBJC_IMPLICIT_RETAIN_SELF = YES;
				CLANG_WARN_OBJC_LITERAL_CONVERSION = YES;
				CLANG_WARN_OBJC_ROOT_CLASS = YES_ERROR;
				CLANG_WARN_RANGE_LOOP_ANALYSIS = YES;
				CLANG_WARN_STRICT_PROTOTYPES = YES;
				CLANG_WARN_SUSPICIOUS_MOVE = YES;
				CLANG_WARN_UNGUARDED_AVAILABILITY = YES_AGGRESSIVE;
				CLANG_WARN_UNREACHABLE_CODE = YES;
				CLANG_WARN__DUPLICATE_METHOD_MATCH = YES;
				CODE_SIGN_IDENTITY = "iPhone Developer";
				COPY_PHASE_STRIP = NO;
				DEBUG_INFORMATION_FORMAT = dwarf;
				ENABLE_STRICT_OBJC_MSGSEND = YES;
				ENABLE_TESTABILITY = YES;
				GCC_C_LANGUAGE_STANDARD = gnu11;
				GCC_DYNAMIC_NO_PIC = NO;
				GCC_NO_COMMON_BLOCKS = YES;
				GCC_OPTIMIZATION_LEVEL = 0;
				GCC_PREPROCESSOR_DEFINITIONS = (
					"DEBUG=1",
					"$(inherited)",
				);
				GCC_WARN_64_TO_32_BIT_CONVERSION = YES;
				GCC_WARN_ABOUT_RETURN_TYPE = YES_ERROR;
				GCC_WARN_UNDECLARED_SELECTOR = YES;
				GCC_WARN_UNINITIALIZED_AUTOS = YES_AGGRESSIVE;
				GCC_WARN_UNUSED_FUNCTION = YES;
				GCC_WARN_UNUSED_VARIABLE = YES;
				IPHONEOS_DEPLOYMENT_TARGET = 12.0;
				MTL_ENABLE_DEBUG_INFO = INCLUDE_SOURCE;
				MTL_FAST_MATH = YES;
				ONLY_ACTIVE_ARCH = YES;
				SDKROOT = iphoneos;
				SWIFT_ACTIVE_COMPILATION_CONDITIONS = DEBUG;
				SWIFT_OPTIMIZATION_LEVEL = "-Onone";
			};
			name = Debug;
		};
		AD6167152105D7DF00691B94 /* Release */ = {
			isa = XCBuildConfiguration;
			buildSettings = {
				ALWAYS_SEARCH_USER_PATHS = NO;
				CLANG_ANALYZER_LOCALIZABILITY_NONLOCALIZED = YES;
				CLANG_ANALYZER_NONNULL = YES;
				CLANG_ANALYZER_NUMBER_OBJECT_CONVERSION = YES_AGGRESSIVE;
				CLANG_CXX_LANGUAGE_STANDARD = "gnu++14";
				CLANG_CXX_LIBRARY = "libc++";
				CLANG_ENABLE_MODULES = YES;
				CLANG_ENABLE_OBJC_ARC = YES;
				CLANG_ENABLE_OBJC_WEAK = YES;
				CLANG_WARN_BLOCK_CAPTURE_AUTORELEASING = YES;
				CLANG_WARN_BOOL_CONVERSION = YES;
				CLANG_WARN_COMMA = YES;
				CLANG_WARN_CONSTANT_CONVERSION = YES;
				CLANG_WARN_DEPRECATED_OBJC_IMPLEMENTATIONS = YES;
				CLANG_WARN_DIRECT_OBJC_ISA_USAGE = YES_ERROR;
				CLANG_WARN_DOCUMENTATION_COMMENTS = YES;
				CLANG_WARN_EMPTY_BODY = YES;
				CLANG_WARN_ENUM_CONVERSION = YES;
				CLANG_WARN_INFINITE_RECURSION = YES;
				CLANG_WARN_INT_CONVERSION = YES;
				CLANG_WARN_NON_LITERAL_NULL_CONVERSION = YES;
				CLANG_WARN_OBJC_IMPLICIT_RETAIN_SELF = YES;
				CLANG_WARN_OBJC_LITERAL_CONVERSION = YES;
				CLANG_WARN_OBJC_ROOT_CLASS = YES_ERROR;
				CLANG_WARN_RANGE_LOOP_ANALYSIS = YES;
				CLANG_WARN_STRICT_PROTOTYPES = YES;
				CLANG_WARN_SUSPICIOUS_MOVE = YES;
				CLANG_WARN_UNGUARDED_AVAILABILITY = YES_AGGRESSIVE;
				CLANG_WARN_UNREACHABLE_CODE = YES;
				CLANG_WARN__DUPLICATE_METHOD_MATCH = YES;
				CODE_SIGN_IDENTITY = "iPhone Developer";
				COPY_PHASE_STRIP = NO;
				DEBUG_INFORMATION_FORMAT = "dwarf-with-dsym";
				ENABLE_NS_ASSERTIONS = NO;
				ENABLE_STRICT_OBJC_MSGSEND = YES;
				GCC_C_LANGUAGE_STANDARD = gnu11;
				GCC_NO_COMMON_BLOCKS = YES;
				GCC_WARN_64_TO_32_BIT_CONVERSION = YES;
				GCC_WARN_ABOUT_RETURN_TYPE = YES_ERROR;
				GCC_WARN_UNDECLARED_SELECTOR = YES;
				GCC_WARN_UNINITIALIZED_AUTOS = YES_AGGRESSIVE;
				GCC_WARN_UNUSED_FUNCTION = YES;
				GCC_WARN_UNUSED_VARIABLE = YES;
				IPHONEOS_DEPLOYMENT_TARGET = 12.0;
				MTL_ENABLE_DEBUG_INFO = NO;
				MTL_FAST_MATH = YES;
				SDKROOT = iphoneos;
				SWIFT_COMPILATION_MODE = wholemodule;
				SWIFT_OPTIMIZATION_LEVEL = "-O";
				VALIDATE_PRODUCT = YES;
			};
			name = Release;
		};
		AD6167172105D7DF00691B94 /* Debug */ = {
			isa = XCBuildConfiguration;
			baseConfigurationReference = 36671CEB8141EC44E0941C1F /* Pods-leisureMap.debug.xcconfig */;
			buildSettings = {
				ASSETCATALOG_COMPILER_APPICON_NAME = AppIcon;
				CODE_SIGN_STYLE = Automatic;
				INFOPLIST_FILE = leisureMap/Info.plist;
				LD_RUNPATH_SEARCH_PATHS = (
					"$(inherited)",
					"@executable_path/Frameworks",
				);
				PRODUCT_BUNDLE_IDENTIFIER = aa.leisureMap;
				PRODUCT_NAME = "$(TARGET_NAME)";
				SWIFT_VERSION = 4.2;
				TARGETED_DEVICE_FAMILY = "1,2";
			};
			name = Debug;
		};
		AD6167182105D7DF00691B94 /* Release */ = {
			isa = XCBuildConfiguration;
			baseConfigurationReference = 169BB221C6BFC1FD7D2245CF /* Pods-leisureMap.release.xcconfig */;
			buildSettings = {
				ASSETCATALOG_COMPILER_APPICON_NAME = AppIcon;
				CODE_SIGN_STYLE = Automatic;
				INFOPLIST_FILE = leisureMap/Info.plist;
				LD_RUNPATH_SEARCH_PATHS = (
					"$(inherited)",
					"@executable_path/Frameworks",
				);
				PRODUCT_BUNDLE_IDENTIFIER = aa.leisureMap;
				PRODUCT_NAME = "$(TARGET_NAME)";
				SWIFT_VERSION = 4.2;
				TARGETED_DEVICE_FAMILY = "1,2";
			};
			name = Release;
		};
		AD61671A2105D7DF00691B94 /* Debug */ = {
			isa = XCBuildConfiguration;
			baseConfigurationReference = 810FBDD43BC2FEBC37B7C5F3 /* Pods-leisureMapTests.debug.xcconfig */;
			buildSettings = {
				ALWAYS_EMBED_SWIFT_STANDARD_LIBRARIES = YES;
				BUNDLE_LOADER = "$(TEST_HOST)";
				CODE_SIGN_STYLE = Automatic;
				INFOPLIST_FILE = leisureMapTests/Info.plist;
				LD_RUNPATH_SEARCH_PATHS = (
					"$(inherited)",
					"@executable_path/Frameworks",
					"@loader_path/Frameworks",
				);
				PRODUCT_BUNDLE_IDENTIFIER = aa.leisureMapTests;
				PRODUCT_NAME = "$(TARGET_NAME)";
				SWIFT_VERSION = 4.2;
				TARGETED_DEVICE_FAMILY = "1,2";
				TEST_HOST = "$(BUILT_PRODUCTS_DIR)/leisureMap.app/leisureMap";
			};
			name = Debug;
		};
		AD61671B2105D7DF00691B94 /* Release */ = {
			isa = XCBuildConfiguration;
			baseConfigurationReference = 6A488C392182B8653BFE678D /* Pods-leisureMapTests.release.xcconfig */;
			buildSettings = {
				ALWAYS_EMBED_SWIFT_STANDARD_LIBRARIES = YES;
				BUNDLE_LOADER = "$(TEST_HOST)";
				CODE_SIGN_STYLE = Automatic;
				INFOPLIST_FILE = leisureMapTests/Info.plist;
				LD_RUNPATH_SEARCH_PATHS = (
					"$(inherited)",
					"@executable_path/Frameworks",
					"@loader_path/Frameworks",
				);
				PRODUCT_BUNDLE_IDENTIFIER = aa.leisureMapTests;
				PRODUCT_NAME = "$(TARGET_NAME)";
				SWIFT_VERSION = 4.2;
				TARGETED_DEVICE_FAMILY = "1,2";
				TEST_HOST = "$(BUILT_PRODUCTS_DIR)/leisureMap.app/leisureMap";
			};
			name = Release;
		};
		AD61671D2105D7DF00691B94 /* Debug */ = {
			isa = XCBuildConfiguration;
			baseConfigurationReference = E978D0AAAD73E551F01BD45B /* Pods-leisureMapUITests.debug.xcconfig */;
			buildSettings = {
				ALWAYS_EMBED_SWIFT_STANDARD_LIBRARIES = YES;
				CODE_SIGN_STYLE = Automatic;
				INFOPLIST_FILE = leisureMapUITests/Info.plist;
				LD_RUNPATH_SEARCH_PATHS = (
					"$(inherited)",
					"@executable_path/Frameworks",
					"@loader_path/Frameworks",
				);
				PRODUCT_BUNDLE_IDENTIFIER = aa.leisureMapUITests;
				PRODUCT_NAME = "$(TARGET_NAME)";
				SWIFT_VERSION = 4.2;
				TARGETED_DEVICE_FAMILY = "1,2";
				TEST_TARGET_NAME = leisureMap;
			};
			name = Debug;
		};
		AD61671E2105D7DF00691B94 /* Release */ = {
			isa = XCBuildConfiguration;
			baseConfigurationReference = 9B12011C548AC02978F246E0 /* Pods-leisureMapUITests.release.xcconfig */;
			buildSettings = {
				ALWAYS_EMBED_SWIFT_STANDARD_LIBRARIES = YES;
				CODE_SIGN_STYLE = Automatic;
				INFOPLIST_FILE = leisureMapUITests/Info.plist;
				LD_RUNPATH_SEARCH_PATHS = (
					"$(inherited)",
					"@executable_path/Frameworks",
					"@loader_path/Frameworks",
				);
				PRODUCT_BUNDLE_IDENTIFIER = aa.leisureMapUITests;
				PRODUCT_NAME = "$(TARGET_NAME)";
				SWIFT_VERSION = 4.2;
				TARGETED_DEVICE_FAMILY = "1,2";
				TEST_TARGET_NAME = leisureMap;
			};
			name = Release;
		};
/* End XCBuildConfiguration section */

/* Begin XCConfigurationList section */
		AD6166E92105D7DF00691B94 /* Build configuration list for PBXProject "leisureMap" */ = {
			isa = XCConfigurationList;
			buildConfigurations = (
				AD6167142105D7DF00691B94 /* Debug */,
				AD6167152105D7DF00691B94 /* Release */,
			);
			defaultConfigurationIsVisible = 0;
			defaultConfigurationName = Release;
		};
		AD6167162105D7DF00691B94 /* Build configuration list for PBXNativeTarget "leisureMap" */ = {
			isa = XCConfigurationList;
			buildConfigurations = (
				AD6167172105D7DF00691B94 /* Debug */,
				AD6167182105D7DF00691B94 /* Release */,
			);
			defaultConfigurationIsVisible = 0;
			defaultConfigurationName = Release;
		};
		AD6167192105D7DF00691B94 /* Build configuration list for PBXNativeTarget "leisureMapTests" */ = {
			isa = XCConfigurationList;
			buildConfigurations = (
				AD61671A2105D7DF00691B94 /* Debug */,
				AD61671B2105D7DF00691B94 /* Release */,
			);
			defaultConfigurationIsVisible = 0;
			defaultConfigurationName = Release;
		};
		AD61671C2105D7DF00691B94 /* Build configuration list for PBXNativeTarget "leisureMapUITests" */ = {
			isa = XCConfigurationList;
			buildConfigurations = (
				AD61671D2105D7DF00691B94 /* Debug */,
				AD61671E2105D7DF00691B94 /* Release */,
			);
			defaultConfigurationIsVisible = 0;
			defaultConfigurationName = Release;
		};
/* End XCConfigurationList section */
	};
	rootObject = AD6166E62105D7DF00691B94 /* Project object */;
}
